{
  "requires": true,
  "lockfileVersion": 1,
  "dependencies": {
    "@capacitor/geolocation": {
      "version": "1.1.2",
      "resolved": "https://registry.npmjs.org/@capacitor/geolocation/-/geolocation-1.1.2.tgz",
      "integrity": "sha512-J71RqyGNmQ9dIBPK831YgOPZ6Z1wj8tNlVbORIjgz+Q/Q0PzKdjxfELjbgD0hexd+YVu5++hI/atTj71ESKfWg=="
    }
  }
}
